// !$*UTF8*$!
{
	archiveVersion = 1;
	classes = {
	};
	objectVersion = 46;
	objects = {

/* Begin PBXBuildFile section */
		DE25BA5F1A126FE20028194E /* water.png in Resources */ = {isa = PBXBuildFile; fileRef = DE25BA5E1A126FE20028194E /* water.png */; };
		DE25BA671A12ADED0028194E /* bringWater.png in Resources */ = {isa = PBXBuildFile; fileRef = DE25BA661A12ADED0028194E /* bringWater.png */; };
		DE25BA6D1A1307730028194E /* video.png in Resources */ = {isa = PBXBuildFile; fileRef = DE25BA6C1A1307730028194E /* video.png */; };
		DE25BA6F1A1307800028194E /* getInOutBed.png in Resources */ = {isa = PBXBuildFile; fileRef = DE25BA6E1A1307800028194E /* getInOutBed.png */; };
		DE25BA711A13078C0028194E /* needMeds.png in Resources */ = {isa = PBXBuildFile; fileRef = DE25BA701A13078C0028194E /* needMeds.png */; };
		DE25BA731A1307A00028194E /* sendAid.png in Resources */ = {isa = PBXBuildFile; fileRef = DE25BA721A1307A00028194E /* sendAid.png */; };
		DE25BA751A1307A80028194E /* sendNurse.png in Resources */ = {isa = PBXBuildFile; fileRef = DE25BA741A1307A80028194E /* sendNurse.png */; };
		DE2E0A711A0303CF00E81B30 /* margaret.png in Resources */ = {isa = PBXBuildFile; fileRef = DE2E0A701A0303CF00E81B30 /* margaret.png */; };
		DE2E0A761A032DD300E81B30 /* beth.png in Resources */ = {isa = PBXBuildFile; fileRef = DE2E0A721A032DD300E81B30 /* beth.png */; };
		DE2E0A771A032DD300E81B30 /* laura.png in Resources */ = {isa = PBXBuildFile; fileRef = DE2E0A731A032DD300E81B30 /* laura.png */; };
		DE2E0A781A032DD300E81B30 /* tanya.png in Resources */ = {isa = PBXBuildFile; fileRef = DE2E0A741A032DD300E81B30 /* tanya.png */; };
		DE2E0A791A032DD300E81B30 /* william.png in Resources */ = {isa = PBXBuildFile; fileRef = DE2E0A751A032DD300E81B30 /* william.png */; };
		DE2E0A7D1A032FCD00E81B30 /* videochat.jpg in Resources */ = {isa = PBXBuildFile; fileRef = DE2E0A7A1A032FCD00E81B30 /* videochat.jpg */; };
		DE2E0A7E1A032FCD00E81B30 /* videochatBig.png in Resources */ = {isa = PBXBuildFile; fileRef = DE2E0A7B1A032FCD00E81B30 /* videochatBig.png */; };
		DE356DC11A17FD2200DDA4B2 /* 911.png in Resources */ = {isa = PBXBuildFile; fileRef = DE356DC01A17FD2200DDA4B2 /* 911.png */; };
		DE356DC31A17FD4900DDA4B2 /* sendMessage.png in Resources */ = {isa = PBXBuildFile; fileRef = DE356DC21A17FD4900DDA4B2 /* sendMessage.png */; };
		DE356DC51A17FDA400DDA4B2 /* emergency.png in Resources */ = {isa = PBXBuildFile; fileRef = DE356DC41A17FDA400DDA4B2 /* emergency.png */; };
		DE3973721A164233005105B8 /* Main_iPad.storyboard in Resources */ = {isa = PBXBuildFile; fileRef = DE3973701A164233005105B8 /* Main_iPad.storyboard */; };
		DE3973741A16D90E005105B8 /* redx.png in Resources */ = {isa = PBXBuildFile; fileRef = DE3973731A16D90E005105B8 /* redx.png */; };
		DE3973761A16DF84005105B8 /* videochat.png in Resources */ = {isa = PBXBuildFile; fileRef = DE3973751A16DF84005105B8 /* videochat.png */; };
		DE3973781A16E4F5005105B8 /* hourglass.png in Resources */ = {isa = PBXBuildFile; fileRef = DE3973771A16E4F5005105B8 /* hourglass.png */; };
		DE39737A1A16E4FA005105B8 /* checkboxbw.png in Resources */ = {isa = PBXBuildFile; fileRef = DE3973791A16E4FA005105B8 /* checkboxbw.png */; };
		DE3973841A16F85F005105B8 /* SendTextViewController.m in Sources */ = {isa = PBXBuildFile; fileRef = DE3973831A16F85F005105B8 /* SendTextViewController.m */; };
		DE5AC3A81A0342730053B7DD /* videochatSmall.png in Resources */ = {isa = PBXBuildFile; fileRef = DE5AC3A71A0342730053B7DD /* videochatSmall.png */; };
		DE5AC3AA1A051D470053B7DD /* libicucore.dylib in Frameworks */ = {isa = PBXBuildFile; fileRef = DE5AC3A91A051D470053B7DD /* libicucore.dylib */; };
		DE5AC3AC1A051D510053B7DD /* libc++.dylib in Frameworks */ = {isa = PBXBuildFile; fileRef = DE5AC3AB1A051D510053B7DD /* libc++.dylib */; };
		DE5AC3AE1A051D5B0053B7DD /* CFNetwork.framework in Frameworks */ = {isa = PBXBuildFile; fileRef = DE5AC3AD1A051D5B0053B7DD /* CFNetwork.framework */; };
		DE5AC3B01A051D660053B7DD /* Security.framework in Frameworks */ = {isa = PBXBuildFile; fileRef = DE5AC3AF1A051D660053B7DD /* Security.framework */; };
		DE5AC3B21A051D6E0053B7DD /* SystemConfiguration.framework in Frameworks */ = {isa = PBXBuildFile; fileRef = DE5AC3B11A051D6E0053B7DD /* SystemConfiguration.framework */; };
		DE5AC3BF1A052BF00053B7DD /* utils.m in Sources */ = {isa = PBXBuildFile; fileRef = DE5AC3BE1A052BF00053B7DD /* utils.m */; };
		DE7E567F19E3235800C4EF2D /* Foundation.framework in Frameworks */ = {isa = PBXBuildFile; fileRef = DE7E567E19E3235800C4EF2D /* Foundation.framework */; };
		DE7E568119E3235800C4EF2D /* CoreGraphics.framework in Frameworks */ = {isa = PBXBuildFile; fileRef = DE7E568019E3235800C4EF2D /* CoreGraphics.framework */; };
		DE7E568319E3235800C4EF2D /* UIKit.framework in Frameworks */ = {isa = PBXBuildFile; fileRef = DE7E568219E3235800C4EF2D /* UIKit.framework */; };
		DE7E568919E3235800C4EF2D /* InfoPlist.strings in Resources */ = {isa = PBXBuildFile; fileRef = DE7E568719E3235800C4EF2D /* InfoPlist.strings */; };
		DE7E568B19E3235800C4EF2D /* main.m in Sources */ = {isa = PBXBuildFile; fileRef = DE7E568A19E3235800C4EF2D /* main.m */; };
		DE7E568F19E3235800C4EF2D /* AppDelegate.m in Sources */ = {isa = PBXBuildFile; fileRef = DE7E568E19E3235800C4EF2D /* AppDelegate.m */; };
		DE7E569219E3235800C4EF2D /* Main_iPhone.storyboard in Resources */ = {isa = PBXBuildFile; fileRef = DE7E569019E3235800C4EF2D /* Main_iPhone.storyboard */; };
		DE7E569A19E3235800C4EF2D /* Images.xcassets in Resources */ = {isa = PBXBuildFile; fileRef = DE7E569919E3235800C4EF2D /* Images.xcassets */; };
		DE7E56A119E3235800C4EF2D /* XCTest.framework in Frameworks */ = {isa = PBXBuildFile; fileRef = DE7E56A019E3235800C4EF2D /* XCTest.framework */; };
		DE7E56A219E3235800C4EF2D /* Foundation.framework in Frameworks */ = {isa = PBXBuildFile; fileRef = DE7E567E19E3235800C4EF2D /* Foundation.framework */; };
		DE7E56A319E3235800C4EF2D /* UIKit.framework in Frameworks */ = {isa = PBXBuildFile; fileRef = DE7E568219E3235800C4EF2D /* UIKit.framework */; };
		DE7E56AB19E3235800C4EF2D /* InfoPlist.strings in Resources */ = {isa = PBXBuildFile; fileRef = DE7E56A919E3235800C4EF2D /* InfoPlist.strings */; };
		DE7E56AD19E3235800C4EF2D /* helloworldppatTests.m in Sources */ = {isa = PBXBuildFile; fileRef = DE7E56AC19E3235800C4EF2D /* helloworldppatTests.m */; };
		DE7E56B819E32E6200C4EF2D /* SecondViewController.m in Sources */ = {isa = PBXBuildFile; fileRef = DE7E56B719E32E6200C4EF2D /* SecondViewController.m */; };
		DE7E56BB19E3311400C4EF2D /* ThirdViewController.m in Sources */ = {isa = PBXBuildFile; fileRef = DE7E56BA19E3311400C4EF2D /* ThirdViewController.m */; };
		DE7E56D419E743F500C4EF2D /* hangup.png in Resources */ = {isa = PBXBuildFile; fileRef = DE7E56CF19E743F500C4EF2D /* hangup.png */; };
		DE7E56D519E743F500C4EF2D /* nurse.jpg in Resources */ = {isa = PBXBuildFile; fileRef = DE7E56D019E743F500C4EF2D /* nurse.jpg */; };
		DE7E56DA19E7455800C4EF2D /* facetime.png in Resources */ = {isa = PBXBuildFile; fileRef = DE7E56D919E7455800C4EF2D /* facetime.png */; };
		DEACC25819FC366000DE339D /* UrgentTableViewController.m in Sources */ = {isa = PBXBuildFile; fileRef = DEACC25719FC366000DE339D /* UrgentTableViewController.m */; };
		DEACC25B19FC36DC00DE339D /* UrgentTableViewCell.m in Sources */ = {isa = PBXBuildFile; fileRef = DEACC25A19FC36DC00DE339D /* UrgentTableViewCell.m */; };
		DEBECA4519E75F9D00501D74 /* icon.png in Resources */ = {isa = PBXBuildFile; fileRef = DEBECA4419E75F9D00501D74 /* icon.png */; };
		DECD4C651A0542E800315667 /* Firebase.framework in Frameworks */ = {isa = PBXBuildFile; fileRef = DECD4C641A0542E800315667 /* Firebase.framework */; };
/* End PBXBuildFile section */

/* Begin PBXContainerItemProxy section */
		DE7E56A419E3235800C4EF2D /* PBXContainerItemProxy */ = {
			isa = PBXContainerItemProxy;
			containerPortal = DE7E567319E3235800C4EF2D /* Project object */;
			proxyType = 1;
			remoteGlobalIDString = DE7E567A19E3235800C4EF2D;
			remoteInfo = helloworldppat;
		};
/* End PBXContainerItemProxy section */

/* Begin PBXFileReference section */
		DE25BA5E1A126FE20028194E /* water.png */ = {isa = PBXFileReference; lastKnownFileType = image.png; path = water.png; sourceTree = "<group>"; };
		DE25BA661A12ADED0028194E /* bringWater.png */ = {isa = PBXFileReference; lastKnownFileType = image.png; path = bringWater.png; sourceTree = "<group>"; };
		DE25BA6C1A1307730028194E /* video.png */ = {isa = PBXFileReference; lastKnownFileType = image.png; path = video.png; sourceTree = "<group>"; };
		DE25BA6E1A1307800028194E /* getInOutBed.png */ = {isa = PBXFileReference; lastKnownFileType = image.png; path = getInOutBed.png; sourceTree = "<group>"; };
		DE25BA701A13078C0028194E /* needMeds.png */ = {isa = PBXFileReference; lastKnownFileType = image.png; path = needMeds.png; sourceTree = "<group>"; };
		DE25BA721A1307A00028194E /* sendAid.png */ = {isa = PBXFileReference; lastKnownFileType = image.png; path = sendAid.png; sourceTree = "<group>"; };
		DE25BA741A1307A80028194E /* sendNurse.png */ = {isa = PBXFileReference; lastKnownFileType = image.png; path = sendNurse.png; sourceTree = "<group>"; };
		DE2E0A701A0303CF00E81B30 /* margaret.png */ = {isa = PBXFileReference; lastKnownFileType = image.png; path = margaret.png; sourceTree = "<group>"; };
		DE2E0A721A032DD300E81B30 /* beth.png */ = {isa = PBXFileReference; lastKnownFileType = image.png; path = beth.png; sourceTree = "<group>"; };
		DE2E0A731A032DD300E81B30 /* laura.png */ = {isa = PBXFileReference; lastKnownFileType = image.png; path = laura.png; sourceTree = "<group>"; };
		DE2E0A741A032DD300E81B30 /* tanya.png */ = {isa = PBXFileReference; lastKnownFileType = image.png; path = tanya.png; sourceTree = "<group>"; };
		DE2E0A751A032DD300E81B30 /* william.png */ = {isa = PBXFileReference; lastKnownFileType = image.png; path = william.png; sourceTree = "<group>"; };
		DE2E0A7A1A032FCD00E81B30 /* videochat.jpg */ = {isa = PBXFileReference; lastKnownFileType = image.jpeg; path = videochat.jpg; sourceTree = "<group>"; };
		DE2E0A7B1A032FCD00E81B30 /* videochatBig.png */ = {isa = PBXFileReference; lastKnownFileType = image.png; path = videochatBig.png; sourceTree = "<group>"; };
		DE356DC01A17FD2200DDA4B2 /* 911.png */ = {isa = PBXFileReference; lastKnownFileType = image.png; path = 911.png; sourceTree = "<group>"; };
		DE356DC21A17FD4900DDA4B2 /* sendMessage.png */ = {isa = PBXFileReference; lastKnownFileType = image.png; path = sendMessage.png; sourceTree = "<group>"; };
		DE356DC41A17FDA400DDA4B2 /* emergency.png */ = {isa = PBXFileReference; lastKnownFileType = image.png; path = emergency.png; sourceTree = "<group>"; };
		DE3973711A164233005105B8 /* Base */ = {isa = PBXFileReference; lastKnownFileType = file.storyboard; name = Base; path = Base.lproj/Main_iPad.storyboard; sourceTree = "<group>"; };
		DE3973731A16D90E005105B8 /* redx.png */ = {isa = PBXFileReference; lastKnownFileType = image.png; path = redx.png; sourceTree = "<group>"; };
		DE3973751A16DF84005105B8 /* videochat.png */ = {isa = PBXFileReference; lastKnownFileType = image.png; path = videochat.png; sourceTree = "<group>"; };
		DE3973771A16E4F5005105B8 /* hourglass.png */ = {isa = PBXFileReference; lastKnownFileType = image.png; path = hourglass.png; sourceTree = "<group>"; };
		DE3973791A16E4FA005105B8 /* checkboxbw.png */ = {isa = PBXFileReference; lastKnownFileType = image.png; path = checkboxbw.png; sourceTree = "<group>"; };
		DE3973821A16F857005105B8 /* SendTextViewController.h */ = {isa = PBXFileReference; fileEncoding = 4; lastKnownFileType = sourcecode.c.h; path = SendTextViewController.h; sourceTree = "<group>"; };
		DE3973831A16F85F005105B8 /* SendTextViewController.m */ = {isa = PBXFileReference; fileEncoding = 4; lastKnownFileType = sourcecode.c.objc; path = SendTextViewController.m; sourceTree = "<group>"; };
		DE5AC3A71A0342730053B7DD /* videochatSmall.png */ = {isa = PBXFileReference; lastKnownFileType = image.png; path = videochatSmall.png; sourceTree = "<group>"; };
		DE5AC3A91A051D470053B7DD /* libicucore.dylib */ = {isa = PBXFileReference; lastKnownFileType = "compiled.mach-o.dylib"; name = libicucore.dylib; path = usr/lib/libicucore.dylib; sourceTree = SDKROOT; };
		DE5AC3AB1A051D510053B7DD /* libc++.dylib */ = {isa = PBXFileReference; lastKnownFileType = "compiled.mach-o.dylib"; name = "libc++.dylib"; path = "usr/lib/libc++.dylib"; sourceTree = SDKROOT; };
		DE5AC3AD1A051D5B0053B7DD /* CFNetwork.framework */ = {isa = PBXFileReference; lastKnownFileType = wrapper.framework; name = CFNetwork.framework; path = System/Library/Frameworks/CFNetwork.framework; sourceTree = SDKROOT; };
		DE5AC3AF1A051D660053B7DD /* Security.framework */ = {isa = PBXFileReference; lastKnownFileType = wrapper.framework; name = Security.framework; path = System/Library/Frameworks/Security.framework; sourceTree = SDKROOT; };
		DE5AC3B11A051D6E0053B7DD /* SystemConfiguration.framework */ = {isa = PBXFileReference; lastKnownFileType = wrapper.framework; name = SystemConfiguration.framework; path = System/Library/Frameworks/SystemConfiguration.framework; sourceTree = SDKROOT; };
		DE5AC3BD1A052BF00053B7DD /* utils.h */ = {isa = PBXFileReference; fileEncoding = 4; lastKnownFileType = sourcecode.c.h; path = utils.h; sourceTree = "<group>"; };
		DE5AC3BE1A052BF00053B7DD /* utils.m */ = {isa = PBXFileReference; fileEncoding = 4; lastKnownFileType = sourcecode.c.objc; path = utils.m; sourceTree = "<group>"; };
		DE7E567B19E3235800C4EF2D /* InstaAid.app */ = {isa = PBXFileReference; explicitFileType = wrapper.application; includeInIndex = 0; path = InstaAid.app; sourceTree = BUILT_PRODUCTS_DIR; };
		DE7E567E19E3235800C4EF2D /* Foundation.framework */ = {isa = PBXFileReference; lastKnownFileType = wrapper.framework; name = Foundation.framework; path = System/Library/Frameworks/Foundation.framework; sourceTree = SDKROOT; };
		DE7E568019E3235800C4EF2D /* CoreGraphics.framework */ = {isa = PBXFileReference; lastKnownFileType = wrapper.framework; name = CoreGraphics.framework; path = System/Library/Frameworks/CoreGraphics.framework; sourceTree = SDKROOT; };
		DE7E568219E3235800C4EF2D /* UIKit.framework */ = {isa = PBXFileReference; lastKnownFileType = wrapper.framework; name = UIKit.framework; path = System/Library/Frameworks/UIKit.framework; sourceTree = SDKROOT; };
		DE7E568619E3235800C4EF2D /* InstaAid-Info.plist */ = {isa = PBXFileReference; lastKnownFileType = text.plist.xml; path = "InstaAid-Info.plist"; sourceTree = "<group>"; };
		DE7E568819E3235800C4EF2D /* en */ = {isa = PBXFileReference; lastKnownFileType = text.plist.strings; name = en; path = en.lproj/InfoPlist.strings; sourceTree = "<group>"; };
		DE7E568A19E3235800C4EF2D /* main.m */ = {isa = PBXFileReference; lastKnownFileType = sourcecode.c.objc; path = main.m; sourceTree = "<group>"; };
		DE7E568C19E3235800C4EF2D /* InstaAid-Prefix.pch */ = {isa = PBXFileReference; lastKnownFileType = sourcecode.c.h; path = "InstaAid-Prefix.pch"; sourceTree = "<group>"; };
		DE7E568D19E3235800C4EF2D /* AppDelegate.h */ = {isa = PBXFileReference; lastKnownFileType = sourcecode.c.h; path = AppDelegate.h; sourceTree = "<group>"; };
		DE7E568E19E3235800C4EF2D /* AppDelegate.m */ = {isa = PBXFileReference; lastKnownFileType = sourcecode.c.objc; path = AppDelegate.m; sourceTree = "<group>"; };
		DE7E569119E3235800C4EF2D /* Base */ = {isa = PBXFileReference; lastKnownFileType = file.storyboard; name = Base; path = Base.lproj/Main_iPhone.storyboard; sourceTree = "<group>"; };
		DE7E569919E3235800C4EF2D /* Images.xcassets */ = {isa = PBXFileReference; lastKnownFileType = folder.assetcatalog; path = Images.xcassets; sourceTree = "<group>"; };
		DE7E569F19E3235800C4EF2D /* InstaAidTests.xctest */ = {isa = PBXFileReference; explicitFileType = wrapper.cfbundle; includeInIndex = 0; path = InstaAidTests.xctest; sourceTree = BUILT_PRODUCTS_DIR; };
		DE7E56A019E3235800C4EF2D /* XCTest.framework */ = {isa = PBXFileReference; lastKnownFileType = wrapper.framework; name = XCTest.framework; path = Library/Frameworks/XCTest.framework; sourceTree = DEVELOPER_DIR; };
		DE7E56A819E3235800C4EF2D /* helloworldppatTests-Info.plist */ = {isa = PBXFileReference; lastKnownFileType = text.plist.xml; path = "helloworldppatTests-Info.plist"; sourceTree = "<group>"; };
		DE7E56AA19E3235800C4EF2D /* en */ = {isa = PBXFileReference; lastKnownFileType = text.plist.strings; name = en; path = en.lproj/InfoPlist.strings; sourceTree = "<group>"; };
		DE7E56AC19E3235800C4EF2D /* helloworldppatTests.m */ = {isa = PBXFileReference; lastKnownFileType = sourcecode.c.objc; path = helloworldppatTests.m; sourceTree = "<group>"; };
		DE7E56B619E32E6200C4EF2D /* SecondViewController.h */ = {isa = PBXFileReference; fileEncoding = 4; lastKnownFileType = sourcecode.c.h; path = SecondViewController.h; sourceTree = "<group>"; };
		DE7E56B719E32E6200C4EF2D /* SecondViewController.m */ = {isa = PBXFileReference; fileEncoding = 4; lastKnownFileType = sourcecode.c.objc; path = SecondViewController.m; sourceTree = "<group>"; };
		DE7E56B919E3311400C4EF2D /* ThirdViewController.h */ = {isa = PBXFileReference; fileEncoding = 4; lastKnownFileType = sourcecode.c.h; path = ThirdViewController.h; sourceTree = "<group>"; };
		DE7E56BA19E3311400C4EF2D /* ThirdViewController.m */ = {isa = PBXFileReference; fileEncoding = 4; lastKnownFileType = sourcecode.c.objc; path = ThirdViewController.m; sourceTree = "<group>"; };
		DE7E56CF19E743F500C4EF2D /* hangup.png */ = {isa = PBXFileReference; lastKnownFileType = image.png; path = hangup.png; sourceTree = "<group>"; };
		DE7E56D019E743F500C4EF2D /* nurse.jpg */ = {isa = PBXFileReference; lastKnownFileType = image.jpeg; path = nurse.jpg; sourceTree = "<group>"; };
		DE7E56D919E7455800C4EF2D /* facetime.png */ = {isa = PBXFileReference; lastKnownFileType = image.png; path = facetime.png; sourceTree = "<group>"; };
		DEACC25619FC366000DE339D /* UrgentTableViewController.h */ = {isa = PBXFileReference; fileEncoding = 4; lastKnownFileType = sourcecode.c.h; path = UrgentTableViewController.h; sourceTree = "<group>"; };
		DEACC25719FC366000DE339D /* UrgentTableViewController.m */ = {isa = PBXFileReference; fileEncoding = 4; lastKnownFileType = sourcecode.c.objc; path = UrgentTableViewController.m; sourceTree = "<group>"; };
		DEACC25919FC36DC00DE339D /* UrgentTableViewCell.h */ = {isa = PBXFileReference; fileEncoding = 4; lastKnownFileType = sourcecode.c.h; path = UrgentTableViewCell.h; sourceTree = "<group>"; };
		DEACC25A19FC36DC00DE339D /* UrgentTableViewCell.m */ = {isa = PBXFileReference; fileEncoding = 4; lastKnownFileType = sourcecode.c.objc; path = UrgentTableViewCell.m; sourceTree = "<group>"; };
		DEBECA4419E75F9D00501D74 /* icon.png */ = {isa = PBXFileReference; lastKnownFileType = image.png; path = icon.png; sourceTree = "<group>"; };
		DECD4C641A0542E800315667 /* Firebase.framework */ = {isa = PBXFileReference; lastKnownFileType = wrapper.framework; name = Firebase.framework; path = helloworldppat/Firebase.framework; sourceTree = "<group>"; };
/* End PBXFileReference section */

/* Begin PBXFrameworksBuildPhase section */
		DE7E567819E3235800C4EF2D /* Frameworks */ = {
			isa = PBXFrameworksBuildPhase;
			buildActionMask = 2147483647;
			files = (
				DE5AC3B21A051D6E0053B7DD /* SystemConfiguration.framework in Frameworks */,
				DECD4C651A0542E800315667 /* Firebase.framework in Frameworks */,
				DE5AC3B01A051D660053B7DD /* Security.framework in Frameworks */,
				DE5AC3AE1A051D5B0053B7DD /* CFNetwork.framework in Frameworks */,
				DE5AC3AC1A051D510053B7DD /* libc++.dylib in Frameworks */,
				DE5AC3AA1A051D470053B7DD /* libicucore.dylib in Frameworks */,
				DE7E568119E3235800C4EF2D /* CoreGraphics.framework in Frameworks */,
				DE7E568319E3235800C4EF2D /* UIKit.framework in Frameworks */,
				DE7E567F19E3235800C4EF2D /* Foundation.framework in Frameworks */,
			);
			runOnlyForDeploymentPostprocessing = 0;
		};
		DE7E569C19E3235800C4EF2D /* Frameworks */ = {
			isa = PBXFrameworksBuildPhase;
			buildActionMask = 2147483647;
			files = (
				DE7E56A119E3235800C4EF2D /* XCTest.framework in Frameworks */,
				DE7E56A319E3235800C4EF2D /* UIKit.framework in Frameworks */,
				DE7E56A219E3235800C4EF2D /* Foundation.framework in Frameworks */,
			);
			runOnlyForDeploymentPostprocessing = 0;
		};
/* End PBXFrameworksBuildPhase section */

/* Begin PBXGroup section */
		DE7E567219E3235800C4EF2D = {
			isa = PBXGroup;
			children = (
				DE7E56CE19E743F500C4EF2D /* pics */,
				DE7E568419E3235800C4EF2D /* helloworldppat */,
				DE7E56A619E3235800C4EF2D /* helloworldppatTests */,
				DE7E567D19E3235800C4EF2D /* Frameworks */,
				DE7E567C19E3235800C4EF2D /* Products */,
			);
			sourceTree = "<group>";
		};
		DE7E567C19E3235800C4EF2D /* Products */ = {
			isa = PBXGroup;
			children = (
				DE7E567B19E3235800C4EF2D /* InstaAid.app */,
				DE7E569F19E3235800C4EF2D /* InstaAidTests.xctest */,
			);
			name = Products;
			sourceTree = "<group>";
		};
		DE7E567D19E3235800C4EF2D /* Frameworks */ = {
			isa = PBXGroup;
			children = (
				DECD4C641A0542E800315667 /* Firebase.framework */,
				DE5AC3B11A051D6E0053B7DD /* SystemConfiguration.framework */,
				DE5AC3AF1A051D660053B7DD /* Security.framework */,
				DE5AC3AD1A051D5B0053B7DD /* CFNetwork.framework */,
				DE5AC3AB1A051D510053B7DD /* libc++.dylib */,
				DE5AC3A91A051D470053B7DD /* libicucore.dylib */,
				DE7E567E19E3235800C4EF2D /* Foundation.framework */,
				DE7E568019E3235800C4EF2D /* CoreGraphics.framework */,
				DE7E568219E3235800C4EF2D /* UIKit.framework */,
				DE7E56A019E3235800C4EF2D /* XCTest.framework */,
			);
			name = Frameworks;
			sourceTree = "<group>";
		};
		DE7E568419E3235800C4EF2D /* helloworldppat */ = {
			isa = PBXGroup;
			children = (
				DE3973831A16F85F005105B8 /* SendTextViewController.m */,
				DE3973821A16F857005105B8 /* SendTextViewController.h */,
				DE5AC3BD1A052BF00053B7DD /* utils.h */,
				DE5AC3BE1A052BF00053B7DD /* utils.m */,
				DE7E568D19E3235800C4EF2D /* AppDelegate.h */,
				DE7E568E19E3235800C4EF2D /* AppDelegate.m */,
				DE7E569019E3235800C4EF2D /* Main_iPhone.storyboard */,
				DE3973701A164233005105B8 /* Main_iPad.storyboard */,
				DEACC25919FC36DC00DE339D /* UrgentTableViewCell.h */,
				DEACC25A19FC36DC00DE339D /* UrgentTableViewCell.m */,
				DEACC25619FC366000DE339D /* UrgentTableViewController.h */,
				DEACC25719FC366000DE339D /* UrgentTableViewController.m */,
				DE7E56B619E32E6200C4EF2D /* SecondViewController.h */,
				DE7E56B719E32E6200C4EF2D /* SecondViewController.m */,
				DE7E56B919E3311400C4EF2D /* ThirdViewController.h */,
				DE7E56BA19E3311400C4EF2D /* ThirdViewController.m */,
				DE7E569919E3235800C4EF2D /* Images.xcassets */,
				DE7E568519E3235800C4EF2D /* Supporting Files */,
			);
			path = helloworldppat;
			sourceTree = "<group>";
		};
		DE7E568519E3235800C4EF2D /* Supporting Files */ = {
			isa = PBXGroup;
			children = (
				DE7E568619E3235800C4EF2D /* InstaAid-Info.plist */,
				DE7E568719E3235800C4EF2D /* InfoPlist.strings */,
				DE7E568A19E3235800C4EF2D /* main.m */,
				DE7E568C19E3235800C4EF2D /* InstaAid-Prefix.pch */,
			);
			name = "Supporting Files";
			sourceTree = "<group>";
		};
		DE7E56A619E3235800C4EF2D /* helloworldppatTests */ = {
			isa = PBXGroup;
			children = (
				DE7E56AC19E3235800C4EF2D /* helloworldppatTests.m */,
				DE7E56A719E3235800C4EF2D /* Supporting Files */,
			);
			path = helloworldppatTests;
			sourceTree = "<group>";
		};
		DE7E56A719E3235800C4EF2D /* Supporting Files */ = {
			isa = PBXGroup;
			children = (
				DE7E56A819E3235800C4EF2D /* helloworldppatTests-Info.plist */,
				DE7E56A919E3235800C4EF2D /* InfoPlist.strings */,
			);
			name = "Supporting Files";
			sourceTree = "<group>";
		};
		DE7E56CE19E743F500C4EF2D /* pics */ = {
			isa = PBXGroup;
			children = (
				DE356DC41A17FDA400DDA4B2 /* emergency.png */,
				DE356DC21A17FD4900DDA4B2 /* sendMessage.png */,
				DE356DC01A17FD2200DDA4B2 /* 911.png */,
				DE3973791A16E4FA005105B8 /* checkboxbw.png */,
				DE3973771A16E4F5005105B8 /* hourglass.png */,
				DE3973751A16DF84005105B8 /* videochat.png */,
				DE3973731A16D90E005105B8 /* redx.png */,
				DE5AC3A71A0342730053B7DD /* videochatSmall.png */,
				DE2E0A7A1A032FCD00E81B30 /* videochat.jpg */,
				DE2E0A7B1A032FCD00E81B30 /* videochatBig.png */,
				DE25BA701A13078C0028194E /* needMeds.png */,
				DE2E0A721A032DD300E81B30 /* beth.png */,
				DE2E0A731A032DD300E81B30 /* laura.png */,
				DE2E0A741A032DD300E81B30 /* tanya.png */,
				DE2E0A751A032DD300E81B30 /* william.png */,
				DE25BA741A1307A80028194E /* sendNurse.png */,
				DE25BA661A12ADED0028194E /* bringWater.png */,
				DE25BA5E1A126FE20028194E /* water.png */,
				DE25BA6E1A1307800028194E /* getInOutBed.png */,
				DE2E0A701A0303CF00E81B30 /* margaret.png */,
				DE25BA721A1307A00028194E /* sendAid.png */,
				DE25BA6C1A1307730028194E /* video.png */,
				DEBECA4419E75F9D00501D74 /* icon.png */,
				DE7E56D919E7455800C4EF2D /* facetime.png */,
				DE7E56CF19E743F500C4EF2D /* hangup.png */,
				DE7E56D019E743F500C4EF2D /* nurse.jpg */,
			);
			name = pics;
			path = helloworldppat/pics;
			sourceTree = "<group>";
		};
/* End PBXGroup section */

/* Begin PBXNativeTarget section */
		DE7E567A19E3235800C4EF2D /* InstaAid */ = {
			isa = PBXNativeTarget;
			buildConfigurationList = DE7E56B019E3235800C4EF2D /* Build configuration list for PBXNativeTarget "InstaAid" */;
			buildPhases = (
				DE7E567719E3235800C4EF2D /* Sources */,
				DE7E567819E3235800C4EF2D /* Frameworks */,
				DE7E567919E3235800C4EF2D /* Resources */,
			);
			buildRules = (
			);
			dependencies = (
			);
			name = InstaAid;
			productName = helloworldppat;
			productReference = DE7E567B19E3235800C4EF2D /* InstaAid.app */;
			productType = "com.apple.product-type.application";
		};
		DE7E569E19E3235800C4EF2D /* InstaAidTests */ = {
			isa = PBXNativeTarget;
			buildConfigurationList = DE7E56B319E3235800C4EF2D /* Build configuration list for PBXNativeTarget "InstaAidTests" */;
			buildPhases = (
				DE7E569B19E3235800C4EF2D /* Sources */,
				DE7E569C19E3235800C4EF2D /* Frameworks */,
				DE7E569D19E3235800C4EF2D /* Resources */,
			);
			buildRules = (
			);
			dependencies = (
				DE7E56A519E3235800C4EF2D /* PBXTargetDependency */,
			);
			name = InstaAidTests;
			productName = helloworldppatTests;
			productReference = DE7E569F19E3235800C4EF2D /* InstaAidTests.xctest */;
			productType = "com.apple.product-type.bundle.unit-test";
		};
/* End PBXNativeTarget section */

/* Begin PBXProject section */
		DE7E567319E3235800C4EF2D /* Project object */ = {
			isa = PBXProject;
			attributes = {
				LastUpgradeCheck = 0510;
				ORGANIZATIONNAME = "___FULLUSERNAME___";
				TargetAttributes = {
					DE7E567A19E3235800C4EF2D = {
						DevelopmentTeam = B95V8W7G6V;
					};
					DE7E569E19E3235800C4EF2D = {
						TestTargetID = DE7E567A19E3235800C4EF2D;
					};
				};
			};
			buildConfigurationList = DE7E567619E3235800C4EF2D /* Build configuration list for PBXProject "InstaAid" */;
			compatibilityVersion = "Xcode 3.2";
			developmentRegion = English;
			hasScannedForEncodings = 0;
			knownRegions = (
				en,
				Base,
			);
			mainGroup = DE7E567219E3235800C4EF2D;
			productRefGroup = DE7E567C19E3235800C4EF2D /* Products */;
			projectDirPath = "";
			projectRoot = "";
			targets = (
				DE7E567A19E3235800C4EF2D /* InstaAid */,
				DE7E569E19E3235800C4EF2D /* InstaAidTests */,
			);
		};
/* End PBXProject section */

/* Begin PBXResourcesBuildPhase section */
		DE7E567919E3235800C4EF2D /* Resources */ = {
			isa = PBXResourcesBuildPhase;
			buildActionMask = 2147483647;
			files = (
				DE2E0A771A032DD300E81B30 /* laura.png in Resources */,
				DE3973721A164233005105B8 /* Main_iPad.storyboard in Resources */,
				DE7E569A19E3235800C4EF2D /* Images.xcassets in Resources */,
				DE3973761A16DF84005105B8 /* videochat.png in Resources */,
				DE2E0A7D1A032FCD00E81B30 /* videochat.jpg in Resources */,
				DE25BA751A1307A80028194E /* sendNurse.png in Resources */,
				DE25BA671A12ADED0028194E /* bringWater.png in Resources */,
				DE356DC51A17FDA400DDA4B2 /* emergency.png in Resources */,
				DE5AC3A81A0342730053B7DD /* videochatSmall.png in Resources */,
				DE2E0A761A032DD300E81B30 /* beth.png in Resources */,
				DE7E56D419E743F500C4EF2D /* hangup.png in Resources */,
				DE3973781A16E4F5005105B8 /* hourglass.png in Resources */,
				DE7E56D519E743F500C4EF2D /* nurse.jpg in Resources */,
				DE2E0A781A032DD300E81B30 /* tanya.png in Resources */,
				DE7E56DA19E7455800C4EF2D /* facetime.png in Resources */,
				DE25BA711A13078C0028194E /* needMeds.png in Resources */,
				DEBECA4519E75F9D00501D74 /* icon.png in Resources */,
				DE3973741A16D90E005105B8 /* redx.png in Resources */,
				DE25BA6F1A1307800028194E /* getInOutBed.png in Resources */,
				DE2E0A791A032DD300E81B30 /* william.png in Resources */,
				DE2E0A7E1A032FCD00E81B30 /* videochatBig.png in Resources */,
				DE7E569219E3235800C4EF2D /* Main_iPhone.storyboard in Resources */,
				DE7E568919E3235800C4EF2D /* InfoPlist.strings in Resources */,
				DE25BA731A1307A00028194E /* sendAid.png in Resources */,
				DE39737A1A16E4FA005105B8 /* checkboxbw.png in Resources */,
				DE25BA6D1A1307730028194E /* video.png in Resources */,
				DE356DC11A17FD2200DDA4B2 /* 911.png in Resources */,
				DE356DC31A17FD4900DDA4B2 /* sendMessage.png in Resources */,
				DE2E0A711A0303CF00E81B30 /* margaret.png in Resources */,
				DE25BA5F1A126FE20028194E /* water.png in Resources */,
			);
			runOnlyForDeploymentPostprocessing = 0;
		};
		DE7E569D19E3235800C4EF2D /* Resources */ = {
			isa = PBXResourcesBuildPhase;
			buildActionMask = 2147483647;
			files = (
				DE7E56AB19E3235800C4EF2D /* InfoPlist.strings in Resources */,
			);
			runOnlyForDeploymentPostprocessing = 0;
		};
/* End PBXResourcesBuildPhase section */

/* Begin PBXSourcesBuildPhase section */
		DE7E567719E3235800C4EF2D /* Sources */ = {
			isa = PBXSourcesBuildPhase;
			buildActionMask = 2147483647;
			files = (
				DE7E56B819E32E6200C4EF2D /* SecondViewController.m in Sources */,
				DE3973841A16F85F005105B8 /* SendTextViewController.m in Sources */,
				DE7E56BB19E3311400C4EF2D /* ThirdViewController.m in Sources */,
				DE7E568F19E3235800C4EF2D /* AppDelegate.m in Sources */,
				DEACC25B19FC36DC00DE339D /* UrgentTableViewCell.m in Sources */,
				DE5AC3BF1A052BF00053B7DD /* utils.m in Sources */,
				DEACC25819FC366000DE339D /* UrgentTableViewController.m in Sources */,
				DE7E568B19E3235800C4EF2D /* main.m in Sources */,
			);
			runOnlyForDeploymentPostprocessing = 0;
		};
		DE7E569B19E3235800C4EF2D /* Sources */ = {
			isa = PBXSourcesBuildPhase;
			buildActionMask = 2147483647;
			files = (
				DE7E56AD19E3235800C4EF2D /* helloworldppatTests.m in Sources */,
			);
			runOnlyForDeploymentPostprocessing = 0;
		};
/* End PBXSourcesBuildPhase section */

/* Begin PBXTargetDependency section */
		DE7E56A519E3235800C4EF2D /* PBXTargetDependency */ = {
			isa = PBXTargetDependency;
			target = DE7E567A19E3235800C4EF2D /* InstaAid */;
			targetProxy = DE7E56A419E3235800C4EF2D /* PBXContainerItemProxy */;
		};
/* End PBXTargetDependency section */

/* Begin PBXVariantGroup section */
		DE3973701A164233005105B8 /* Main_iPad.storyboard */ = {
			isa = PBXVariantGroup;
			children = (
				DE3973711A164233005105B8 /* Base */,
			);
			name = Main_iPad.storyboard;
			sourceTree = "<group>";
		};
		DE7E568719E3235800C4EF2D /* InfoPlist.strings */ = {
			isa = PBXVariantGroup;
			children = (
				DE7E568819E3235800C4EF2D /* en */,
			);
			name = InfoPlist.strings;
			sourceTree = "<group>";
		};
		DE7E569019E3235800C4EF2D /* Main_iPhone.storyboard */ = {
			isa = PBXVariantGroup;
			children = (
				DE7E569119E3235800C4EF2D /* Base */,
			);
			name = Main_iPhone.storyboard;
			sourceTree = "<group>";
		};
		DE7E56A919E3235800C4EF2D /* InfoPlist.strings */ = {
			isa = PBXVariantGroup;
			children = (
				DE7E56AA19E3235800C4EF2D /* en */,
			);
			name = InfoPlist.strings;
			sourceTree = "<group>";
		};
/* End PBXVariantGroup section */

/* Begin XCBuildConfiguration section */
		DE7E56AE19E3235800C4EF2D /* Debug */ = {
			isa = XCBuildConfiguration;
			buildSettings = {
				ALWAYS_SEARCH_USER_PATHS = NO;
				CLANG_CXX_LANGUAGE_STANDARD = "gnu++0x";
				CLANG_CXX_LIBRARY = "libc++";
				CLANG_ENABLE_MODULES = YES;
				CLANG_ENABLE_OBJC_ARC = YES;
				CLANG_WARN_BOOL_CONVERSION = YES;
				CLANG_WARN_CONSTANT_CONVERSION = YES;
				CLANG_WARN_DIRECT_OBJC_ISA_USAGE = YES_ERROR;
				CLANG_WARN_EMPTY_BODY = YES;
				CLANG_WARN_ENUM_CONVERSION = YES;
				CLANG_WARN_INT_CONVERSION = YES;
				CLANG_WARN_OBJC_ROOT_CLASS = YES_ERROR;
				CLANG_WARN__DUPLICATE_METHOD_MATCH = YES;
				"CODE_SIGN_IDENTITY[sdk=iphoneos*]" = "iPhone Developer";
				COPY_PHASE_STRIP = NO;
				GCC_C_LANGUAGE_STANDARD = gnu99;
				GCC_DYNAMIC_NO_PIC = NO;
				GCC_OPTIMIZATION_LEVEL = 0;
				GCC_PREPROCESSOR_DEFINITIONS = (
					"DEBUG=1",
					"$(inherited)",
				);
				GCC_SYMBOLS_PRIVATE_EXTERN = NO;
				GCC_WARN_64_TO_32_BIT_CONVERSION = YES;
				GCC_WARN_ABOUT_RETURN_TYPE = YES_ERROR;
				GCC_WARN_UNDECLARED_SELECTOR = YES;
				GCC_WARN_UNINITIALIZED_AUTOS = YES_AGGRESSIVE;
				GCC_WARN_UNUSED_FUNCTION = YES;
				GCC_WARN_UNUSED_VARIABLE = YES;
				IPHONEOS_DEPLOYMENT_TARGET = 7.1;
				ONLY_ACTIVE_ARCH = YES;
				SDKROOT = iphoneos;
				TARGETED_DEVICE_FAMILY = "1,2";
			};
			name = Debug;
		};
		DE7E56AF19E3235800C4EF2D /* Release */ = {
			isa = XCBuildConfiguration;
			buildSettings = {
				ALWAYS_SEARCH_USER_PATHS = NO;
				CLANG_CXX_LANGUAGE_STANDARD = "gnu++0x";
				CLANG_CXX_LIBRARY = "libc++";
				CLANG_ENABLE_MODULES = YES;
				CLANG_ENABLE_OBJC_ARC = YES;
				CLANG_WARN_BOOL_CONVERSION = YES;
				CLANG_WARN_CONSTANT_CONVERSION = YES;
				CLANG_WARN_DIRECT_OBJC_ISA_USAGE = YES_ERROR;
				CLANG_WARN_EMPTY_BODY = YES;
				CLANG_WARN_ENUM_CONVERSION = YES;
				CLANG_WARN_INT_CONVERSION = YES;
				CLANG_WARN_OBJC_ROOT_CLASS = YES_ERROR;
				CLANG_WARN__DUPLICATE_METHOD_MATCH = YES;
				"CODE_SIGN_IDENTITY[sdk=iphoneos*]" = "iPhone Developer";
				COPY_PHASE_STRIP = YES;
				ENABLE_NS_ASSERTIONS = NO;
				GCC_C_LANGUAGE_STANDARD = gnu99;
				GCC_WARN_64_TO_32_BIT_CONVERSION = YES;
				GCC_WARN_ABOUT_RETURN_TYPE = YES_ERROR;
				GCC_WARN_UNDECLARED_SELECTOR = YES;
				GCC_WARN_UNINITIALIZED_AUTOS = YES_AGGRESSIVE;
				GCC_WARN_UNUSED_FUNCTION = YES;
				GCC_WARN_UNUSED_VARIABLE = YES;
				IPHONEOS_DEPLOYMENT_TARGET = 7.1;
				SDKROOT = iphoneos;
				TARGETED_DEVICE_FAMILY = "1,2";
				VALIDATE_PRODUCT = YES;
			};
			name = Release;
		};
		DE7E56B119E3235800C4EF2D /* Debug */ = {
			isa = XCBuildConfiguration;
			buildSettings = {
				ASSETCATALOG_COMPILER_APPICON_NAME = AppIcon;
				ASSETCATALOG_COMPILER_LAUNCHIMAGE_NAME = LaunchImage;
				CODE_SIGN_IDENTITY = "iPhone Developer";
				"CODE_SIGN_IDENTITY[sdk=iphoneos*]" = "iPhone Developer";
				FRAMEWORK_SEARCH_PATHS = (
					"$(inherited)",
					"$(PROJECT_DIR)",
					"$(PROJECT_DIR)/helloworldppat",
				);
				GCC_PRECOMPILE_PREFIX_HEADER = YES;
				GCC_PREFIX_HEADER = "helloworldppat/InstaAid-Prefix.pch";
				INFOPLIST_FILE = "helloworldppat/InstaAid-Info.plist";
				IPHONEOS_DEPLOYMENT_TARGET = 8.0.2;
				"OTHER_LDFLAGS[arch=*]" = "-ObjC";
				PRODUCT_NAME = InstaAid;
				PROVISIONING_PROFILE = "";
				TARGETED_DEVICE_FAMILY = 2;
				WRAPPER_EXTENSION = app;
			};
			name = Debug;
		};
		DE7E56B219E3235800C4EF2D /* Release */ = {
			isa = XCBuildConfiguration;
			buildSettings = {
				ASSETCATALOG_COMPILER_APPICON_NAME = AppIcon;
				ASSETCATALOG_COMPILER_LAUNCHIMAGE_NAME = LaunchImage;
				CODE_SIGN_IDENTITY = "iPhone Developer";
				"CODE_SIGN_IDENTITY[sdk=iphoneos*]" = "iPhone Developer";
				FRAMEWORK_SEARCH_PATHS = (
					"$(inherited)",
					"$(PROJECT_DIR)",
					"$(PROJECT_DIR)/helloworldppat",
				);
				GCC_PRECOMPILE_PREFIX_HEADER = YES;
				GCC_PREFIX_HEADER = "helloworldppat/InstaAid-Prefix.pch";
				INFOPLIST_FILE = "helloworldppat/InstaAid-Info.plist";
				IPHONEOS_DEPLOYMENT_TARGET = 8.0.2;
				"OTHER_LDFLAGS[arch=*]" = "-ObjC";
				PRODUCT_NAME = InstaAid;
				PROVISIONING_PROFILE = "";
				TARGETED_DEVICE_FAMILY = 2;
				WRAPPER_EXTENSION = app;
			};
			name = Release;
		};
		DE7E56B419E3235800C4EF2D /* Debug */ = {
			isa = XCBuildConfiguration;
			buildSettings = {
				BUNDLE_LOADER = "$(BUILT_PRODUCTS_DIR)/helloworldppat.app/helloworldppat";
				FRAMEWORK_SEARCH_PATHS = (
					"$(SDKROOT)/Developer/Library/Frameworks",
					"$(inherited)",
					"$(DEVELOPER_FRAMEWORKS_DIR)",
				);
				GCC_PRECOMPILE_PREFIX_HEADER = YES;
				GCC_PREFIX_HEADER = "helloworldppat/helloworldppat-Prefix.pch";
				GCC_PREPROCESSOR_DEFINITIONS = (
					"DEBUG=1",
					"$(inherited)",
				);
				INFOPLIST_FILE = "helloworldppatTests/helloworldppatTests-Info.plist";
				PRODUCT_NAME = InstaAidTests;
				TEST_HOST = "$(BUNDLE_LOADER)";
				WRAPPER_EXTENSION = xctest;
			};
			name = Debug;
		};
		DE7E56B519E3235800C4EF2D /* Release */ = {
			isa = XCBuildConfiguration;
			buildSettings = {
				BUNDLE_LOADER = "$(BUILT_PRODUCTS_DIR)/helloworldppat.app/helloworldppat";
				FRAMEWORK_SEARCH_PATHS = (
					"$(SDKROOT)/Developer/Library/Frameworks",
					"$(inherited)",
					"$(DEVELOPER_FRAMEWORKS_DIR)",
				);
				GCC_PRECOMPILE_PREFIX_HEADER = YES;
				GCC_PREFIX_HEADER = "helloworldppat/helloworldppat-Prefix.pch";
				INFOPLIST_FILE = "helloworldppatTests/helloworldppatTests-Info.plist";
				PRODUCT_NAME = InstaAidTests;
				TEST_HOST = "$(BUNDLE_LOADER)";
				WRAPPER_EXTENSION = xctest;
			};
			name = Release;
		};
/* End XCBuildConfiguration section */

/* Begin XCConfigurationList section */
		DE7E567619E3235800C4EF2D /* Build configuration list for PBXProject "InstaAid" */ = {
			isa = XCConfigurationList;
			buildConfigurations = (
				DE7E56AE19E3235800C4EF2D /* Debug */,
				DE7E56AF19E3235800C4EF2D /* Release */,
			);
			defaultConfigurationIsVisible = 0;
			defaultConfigurationName = Release;
		};
		DE7E56B019E3235800C4EF2D /* Build configuration list for PBXNativeTarget "InstaAid" */ = {
			isa = XCConfigurationList;
			buildConfigurations = (
				DE7E56B119E3235800C4EF2D /* Debug */,
				DE7E56B219E3235800C4EF2D /* Release */,
			);
			defaultConfigurationIsVisible = 0;
			defaultConfigurationName = Release;
		};
		DE7E56B319E3235800C4EF2D /* Build configuration list for PBXNativeTarget "InstaAidTests" */ = {
			isa = XCConfigurationList;
			buildConfigurations = (
				DE7E56B419E3235800C4EF2D /* Debug */,
				DE7E56B519E3235800C4EF2D /* Release */,
			);
			defaultConfigurationIsVisible = 0;
			defaultConfigurationName = Release;
		};
/* End XCConfigurationList section */
	};
	rootObject = DE7E567319E3235800C4EF2D /* Project object */;
}
